
Microsoft Visual Studio Solution File, Format Version 12.00
# Visual Studio Version 16
VisualStudioVersion = 16.0.28407.52
MinimumVisualStudioVersion = 10.0.40219.1
Project("{9A19103F-16F7-4668-BE54-9A1E7A4F7556}") = "Lexical.FileProvider.SharpZipLib", "Lexical.FileProvider.SharpZipLib\Lexical.FileProvider.SharpZipLib.csproj", "{016F56DA-D03C-41AD-BF14-007522A13700}"
EndProject
Project("{9A19103F-16F7-4668-BE54-9A1E7A4F7556}") = "Lexical.FileProvider.SharpCompress", "Lexical.FileProvider.SharpCompress\Lexical.FileProvider.SharpCompress.csproj", "{40F3EE35-E104-4AD7-8B06-EB21A4EB8E0B}"
EndProject
Project("{9A19103F-16F7-4668-BE54-9A1E7A4F7556}") = "Lexical.FileProvider.Dll", "Lexical.FileProvider.Dll\Lexical.FileProvider.Dll.csproj", "{F4216722-F46C-4A93-9049-46FF48BAA0ED}"
EndProject
Project("{9A19103F-16F7-4668-BE54-9A1E7A4F7556}") = "Lexical.FileProvider", "Lexical.FileProvider\Lexical.FileProvider.csproj", "{5CD15367-A6FA-4145-97D6-677C218C1485}"
EndProject
Project("{9A19103F-16F7-4668-BE54-9A1E7A4F7556}") = "Lexical.FileProvider.Abstractions", "Lexical.FileProvider.Abstractions\Lexical.FileProvider.Abstractions.csproj", "{ADF5F741-775E-499F-AD32-BCDF50C36EAD}"
EndProject
Project("{2150E333-8FDC-42A3-9474-1A3956D46DE8}") = "Solution Items", "Solution Items", "{A8B9267F-D43C-436B-890B-4BFCC87C6E7F}"
	ProjectSection(SolutionItems) = preProject
		README.md = README.md
	EndProjectSection
EndProject
Global
	GlobalSection(SolutionConfigurationPlatforms) = preSolution
		Debug|Any CPU = Debug|Any CPU
		Release|Any CPU = Release|Any CPU
	EndGlobalSection
	GlobalSection(ProjectConfigurationPlatforms) = postSolution
		{016F56DA-D03C-41AD-BF14-007522A13700}.Debug|Any CPU.ActiveCfg = Debug|Any CPU
		{016F56DA-D03C-41AD-BF14-007522A13700}.Debug|Any CPU.Build.0 = Debug|Any CPU
		{016F56DA-D03C-41AD-BF14-007522A13700}.Release|Any CPU.ActiveCfg = Release|Any CPU
		{016F56DA-D03C-41AD-BF14-007522A13700}.Release|Any CPU.Build.0 = Release|Any CPU
		{40F3EE35-E104-4AD7-8B06-EB21A4EB8E0B}.Debug|Any CPU.ActiveCfg = Debug|Any CPU
		{40F3EE35-E104-4AD7-8B06-EB21A4EB8E0B}.Debug|Any CPU.Build.0 = Debug|Any CPU
		{40F3EE35-E104-4AD7-8B06-EB21A4EB8E0B}.Release|Any CPU.ActiveCfg = Release|Any CPU
		{40F3EE35-E104-4AD7-8B06-EB21A4EB8E0B}.Release|Any CPU.Build.0 = Release|Any CPU
		{F4216722-F46C-4A93-9049-46FF48BAA0ED}.Debug|Any CPU.ActiveCfg = Debug|Any CPU
		{F4216722-F46C-4A93-9049-46FF48BAA0ED}.Debug|Any CPU.Build.0 = Debug|Any CPU
		{F4216722-F46C-4A93-9049-46FF48BAA0ED}.Release|Any CPU.ActiveCfg = Release|Any CPU
		{F4216722-F46C-4A93-9049-46FF48BAA0ED}.Release|Any CPU.Build.0 = Release|Any CPU
		{5CD15367-A6FA-4145-97D6-677C218C1485}.Debug|Any CPU.ActiveCfg = Debug|Any CPU
		{5CD15367-A6FA-4145-97D6-677C218C1485}.Debug|Any CPU.Build.0 = Debug|Any CPU
		{5CD15367-A6FA-4145-97D6-677C218C1485}.Release|Any CPU.ActiveCfg = Release|Any CPU
		{5CD15367-A6FA-4145-97D6-677C218C1485}.Release|Any CPU.Build.0 = Release|Any CPU
		{ADF5F741-775E-499F-AD32-BCDF50C36EAD}.Debug|Any CPU.ActiveCfg = Debug|Any CPU
		{ADF5F741-775E-499F-AD32-BCDF50C36EAD}.Debug|Any CPU.Build.0 = Debug|Any CPU
		{ADF5F741-775E-499F-AD32-BCDF50C36EAD}.Release|Any CPU.ActiveCfg = Release|Any CPU
		{ADF5F741-775E-499F-AD32-BCDF50C36EAD}.Release|Any CPU.Build.0 = Release|Any CPU
	EndGlobalSection
	GlobalSection(SolutionProperties) = preSolution
		HideSolutionNode = FALSE
	EndGlobalSection
	GlobalSection(ExtensibilityGlobals) = postSolution
		SolutionGuid = {FA4D0CB3-B028-46DD-987B-CC17D522FC2B}
	EndGlobalSection
EndGlobal
